
Microsoft Visual Studio Solution File, Format Version 12.00
# Visual Studio Version 17
VisualStudioVersion = 17.4.33103.184
MinimumVisualStudioVersion = 10.0.40219.1
Project("{2150E333-8FDC-42A3-9474-1A3956D46DE8}") = "src", "src", "{B385DA45-F3CA-455B-91F1-1663EAC993E9}"
EndProject
Project("{2150E333-8FDC-42A3-9474-1A3956D46DE8}") = "NugetHelper", "NugetHelper", "{46CBA320-817E-4608-918B-73BA748910F4}"
EndProject
Project("{9A19103F-16F7-4668-BE54-9A1E7A4F7556}") = "Rystem.NugetHelper", "NugetHelper\Rystem.NugetHelper\Rystem.NugetHelper.csproj", "{7D223625-1950-4ABB-AD04-B7D622C80FF0}"
EndProject
Project("{2150E333-8FDC-42A3-9474-1A3956D46DE8}") = "Core", "Core", "{5AB07B65-AC2E-482D-B2AD-2AB7375941C4}"
EndProject
Project("{2150E333-8FDC-42A3-9474-1A3956D46DE8}") = "Extensions", "Extensions", "{D3C3AC4B-1339-4EB3-920B-99CF3D492DF4}"
EndProject
Project("{2150E333-8FDC-42A3-9474-1A3956D46DE8}") = "Repository", "Repository", "{2B79D3F0-8FBE-4F69-996D-51933E5756FD}"
	ProjectSection(SolutionItems) = preProject
		src\Repository\README.md = src\Repository\README.md
		src\Repository\RepositoryFramework.Abstractions.png = src\Repository\RepositoryFramework.Abstractions.png
		src\Repository\RepositoryFramework.CacheFlow.png = src\Repository\RepositoryFramework.CacheFlow.png
		src\Repository\RepositoryFramework.png = src\Repository\RepositoryFramework.png
	EndProjectSection
EndProject
Project("{9A19103F-16F7-4668-BE54-9A1E7A4F7556}") = "Rystem", "src\Core\Rystem\Rystem.csproj", "{538809CE-85A8-4607-9E2C-C8390E40FA7E}"
EndProject
Project("{9A19103F-16F7-4668-BE54-9A1E7A4F7556}") = "Rystem.Test.UnitTest", "src\Core\Test\Rystem.Test.UnitTest\Rystem.Test.UnitTest.csproj", "{38B018EA-A5DD-49EF-A955-242286F1E9F8}"
EndProject
Project("{2150E333-8FDC-42A3-9474-1A3956D46DE8}") = "BackgroundJob", "BackgroundJob", "{9073BD1E-24D8-42D3-81E4-579941A241D1}"
EndProject
Project("{9A19103F-16F7-4668-BE54-9A1E7A4F7556}") = "Rystem.BackgroundJob", "src\Extensions\BackgroundJob\Rystem.BackgroundJob\Rystem.BackgroundJob.csproj", "{92BDF8F7-C9C3-48E7-AFB7-6D67F9986426}"
EndProject
Project("{9A19103F-16F7-4668-BE54-9A1E7A4F7556}") = "Rystem.Test.WebApp", "src\Extensions\BackgroundJob\Test\Rystem.BackgroundJob.WebApp\Rystem.Test.WebApp.csproj", "{9F28CD60-9232-4403-B8B6-E54C17F40349}"
EndProject
Project("{2150E333-8FDC-42A3-9474-1A3956D46DE8}") = "Concurrency", "Concurrency", "{B4F0532A-1BB3-413E-AFCA-C0ADFDFA50F0}"
EndProject
Project("{9A19103F-16F7-4668-BE54-9A1E7A4F7556}") = "Rystem.Concurrency", "src\Extensions\Concurrency\Rystem.Concurrency\Rystem.Concurrency.csproj", "{5E2D979C-725A-4F86-9065-453CBEFF533E}"
EndProject
Project("{9A19103F-16F7-4668-BE54-9A1E7A4F7556}") = "Rystem.Concurrency.UnitTest", "src\Extensions\Concurrency\Test\Rystem.Concurrency.UnitTest\Rystem.Concurrency.UnitTest.csproj", "{81735459-BDA7-4D7F-8CBF-F00565F8641D}"
EndProject
Project("{2150E333-8FDC-42A3-9474-1A3956D46DE8}") = "Queue", "Queue", "{2205195F-AD31-4072-86C5-90920BE80441}"
EndProject
Project("{9A19103F-16F7-4668-BE54-9A1E7A4F7556}") = "Rystem.Queue", "src\Extensions\Queue\Rystem.Queue\Rystem.Queue.csproj", "{51231173-F8E1-4ED1-9FE7-583900C9CBA4}"
EndProject
Project("{9A19103F-16F7-4668-BE54-9A1E7A4F7556}") = "Rystem.Queue.UnitTest", "src\Extensions\Queue\Test\Rystem.Queue.UnitTest\Rystem.Queue.UnitTest.csproj", "{531D699D-AA4F-425F-9C79-39E8282DB858}"
EndProject
Project("{2150E333-8FDC-42A3-9474-1A3956D46DE8}") = "XUnitTest", "XUnitTest", "{01697CE0-307D-47FA-AC02-D6401D21B803}"
EndProject
Project("{9A19103F-16F7-4668-BE54-9A1E7A4F7556}") = "Rystem.XUnitTest", "src\Extensions\XUnitTest\Rystem.XUnitTest\Rystem.XUnitTest.csproj", "{195FB13D-85F0-4F34-86E5-034E93D087CD}"
EndProject
Project("{9A19103F-16F7-4668-BE54-9A1E7A4F7556}") = "Rystem.XUnitTest.UnitTest", "src\Extensions\XUnitTest\Test\Rystem.XUnitTest.UnitTest\Rystem.XUnitTest.UnitTest.csproj", "{D0F5929B-AB37-4ED2-A6FD-A0150E9D0CEC}"
EndProject
Project("{2150E333-8FDC-42A3-9474-1A3956D46DE8}") = "Localization", "Localization", "{2EFDC9BE-6197-40DF-B585-42BD54EF2BB5}"
EndProject
Project("{9A19103F-16F7-4668-BE54-9A1E7A4F7556}") = "Rystem.Localization.Multiple", "src\Extensions\Localization\Rystem.Localization.Multiple\Rystem.Localization.Multiple.csproj", "{24DEF10C-CACE-490C-BFA3-29EDF6904FBB}"
EndProject
Project("{9A19103F-16F7-4668-BE54-9A1E7A4F7556}") = "LocalizationApp", "src\Extensions\Localization\Test\LocalizationApp\LocalizationApp.csproj", "{0E39B0E3-5EC2-4F41-9A11-7671C831013A}"
EndProject
Project("{9A19103F-16F7-4668-BE54-9A1E7A4F7556}") = "Localization.RazorLibrary", "src\Extensions\Localization\Test\Localization.RazorLibrary\Localization.RazorLibrary.csproj", "{C28B2EA6-F924-46BF-82E0-3ABB86A40CC9}"
EndProject
Project("{2150E333-8FDC-42A3-9474-1A3956D46DE8}") = "Test", "Test", "{2B47DF45-BCE1-488F-A6E9-0EF0F7344CA0}"
EndProject
Project("{9A19103F-16F7-4668-BE54-9A1E7A4F7556}") = "RepositoryFramework.Abstractions", "src\Repository\RepositoryFramework.Abstractions\RepositoryFramework.Abstractions.csproj", "{72246C7E-0F53-4D95-8518-770580389EA8}"
EndProject
Project("{9A19103F-16F7-4668-BE54-9A1E7A4F7556}") = "RepositoryFramework.Api.Client", "src\Repository\RepositoryFramework.Api.Client\RepositoryFramework.Api.Client.csproj", "{98A49810-C9AB-49D2-956C-7CAB992CFDC0}"
EndProject
Project("{9A19103F-16F7-4668-BE54-9A1E7A4F7556}") = "RepositoryFramework.Api.Server", "src\Repository\RepositoryFramework.Api.Server\RepositoryFramework.Api.Server.csproj", "{26F6042D-2E01-4221-87B6-E06E8DA02C8D}"
EndProject
Project("{9A19103F-16F7-4668-BE54-9A1E7A4F7556}") = "RepositoryFramework.MigrationTools", "src\Repository\RepositoryFramework.MigrationTools\RepositoryFramework.MigrationTools.csproj", "{DF0472D0-D128-4BAA-8D12-E2FFE4FE17E7}"
EndProject
Project("{2150E333-8FDC-42A3-9474-1A3956D46DE8}") = "Infrastructures", "Infrastructures", "{530A1A96-DB16-49F6-8B1B-F7E7C5B3061D}"
EndProject
Project("{9A19103F-16F7-4668-BE54-9A1E7A4F7556}") = "RepositoryFramework.Infrastructure.InMemory", "src\Repository\RepositoryFramework.Infrastructure.InMemory\RepositoryFramework.Infrastructure.InMemory.csproj", "{E4434312-78F9-4E8E-B6E4-576E320021D5}"
EndProject
Project("{9A19103F-16F7-4668-BE54-9A1E7A4F7556}") = "RepositoryFramework.Infrastructure.Azure.Cosmos.Sql", "src\Repository\RepositoryFramework.Infrastructures\RepositoryFramework.Infrastructure.Azure.Cosmos.Sql\RepositoryFramework.Infrastructure.Azure.Cosmos.Sql.csproj", "{42B34427-0500-4C95-8508-E59767C55A6E}"
EndProject
Project("{9A19103F-16F7-4668-BE54-9A1E7A4F7556}") = "RepositoryFramework.Infrastructure.Azure.Storage.Blob", "src\Repository\RepositoryFramework.Infrastructures\RepositoryFramework.Infrastructure.Azure.Storage.Blob\RepositoryFramework.Infrastructure.Azure.Storage.Blob.csproj", "{C9899042-33D5-49E5-895B-D7A2ADAA7F81}"
EndProject
Project("{9A19103F-16F7-4668-BE54-9A1E7A4F7556}") = "RepositoryFramework.Infrastructure.Azure.Storage.Table", "src\Repository\RepositoryFramework.Infrastructures\RepositoryFramework.Infrastructure.Azure.Storage.Table\RepositoryFramework.Infrastructure.Azure.Storage.Table.csproj", "{84B3DCA8-80C2-4701-8321-39BADD9CA5B0}"
EndProject
Project("{9A19103F-16F7-4668-BE54-9A1E7A4F7556}") = "RepositoryFramework.Infrastructure.Dynamics.Dataverse", "src\Repository\RepositoryFramework.Infrastructures\RepositoryFramework.Infrastructure.Dynamics.Dataverse\RepositoryFramework.Infrastructure.Dynamics.Dataverse.csproj", "{FF16BFF2-0787-4A54-B29B-D42B93D579B5}"
EndProject
Project("{9A19103F-16F7-4668-BE54-9A1E7A4F7556}") = "RepositoryFramework.Infrastructure.EntityFramework", "src\Repository\RepositoryFramework.Infrastructures\RepositoryFramework.Infrastructure.EntityFramework\RepositoryFramework.Infrastructure.EntityFramework.csproj", "{8B8E2EE0-DB28-45A6-B7EE-E9F92623BB10}"
EndProject
Project("{9A19103F-16F7-4668-BE54-9A1E7A4F7556}") = "RepositoryFramework.Infrastructure.MsSql", "src\Repository\RepositoryFramework.Infrastructures\RepositoryFramework.Infrastructure.MsSql\RepositoryFramework.Infrastructure.MsSql.csproj", "{7DC53C42-543C-49A8-8C02-F1E54DF9EA61}"
EndProject
Project("{2150E333-8FDC-42A3-9474-1A3956D46DE8}") = "Cache", "Cache", "{22DC4E75-6E75-465F-8315-4ACB0167548D}"
EndProject
Project("{9A19103F-16F7-4668-BE54-9A1E7A4F7556}") = "RepositoryFramework.Cache", "src\Repository\RepositoryFramework.Cache\RepositoryFramework.Cache\RepositoryFramework.Cache.csproj", "{B074EF5E-4E91-49BA-BA3A-48252AB95674}"
EndProject
Project("{9A19103F-16F7-4668-BE54-9A1E7A4F7556}") = "RepositoryFramework.Cache.Azure.Storage.Blob", "src\Repository\RepositoryFramework.Cache\RepositoryFramework.Cache.Azure.Storage.Blob\RepositoryFramework.Cache.Azure.Storage.Blob.csproj", "{BDA12BF0-0C6D-4E17-B251-CF941F5D892D}"
EndProject
Project("{2150E333-8FDC-42A3-9474-1A3956D46DE8}") = "Test", "Test", "{CE9D708E-E4B7-42E4-AC76-9C936272E6D5}"
EndProject
Project("{9A19103F-16F7-4668-BE54-9A1E7A4F7556}") = "RepositoryFramework.ZApp", "src\Repository\RepositoryFramework.Test\RepositoryFramework.App\RepositoryFramework.ZApp.csproj", "{56DD504A-8A2C-4C16-902B-7D02FD87D454}"
EndProject
Project("{9A19103F-16F7-4668-BE54-9A1E7A4F7556}") = "RepositoryFramework.Test.Infrastructure.EntityFramework", "src\Repository\RepositoryFramework.Test\RepositoryFramework.Test.Infrastructure.EntityFramework\RepositoryFramework.Test.Infrastructure.EntityFramework.csproj", "{78CC9ADE-7EDB-44B9-81BB-F4CD258F81D5}"
EndProject
Project("{9A19103F-16F7-4668-BE54-9A1E7A4F7556}") = "RepositoryFramework.UnitTest", "src\Repository\RepositoryFramework.Test\RepositoryFramework.UnitTest\RepositoryFramework.UnitTest.csproj", "{88DFBB26-9A82-41F0-9947-1ECDCF028559}"
EndProject
Project("{9A19103F-16F7-4668-BE54-9A1E7A4F7556}") = "RepositoryFramework.WebApi", "src\Repository\RepositoryFramework.Test\RepositoryFramework.WebApi\RepositoryFramework.WebApi.csproj", "{04C9D625-AD99-4384-94D5-2A4380643B50}"
EndProject
Project("{9A19103F-16F7-4668-BE54-9A1E7A4F7556}") = "RepositoryFramework.WebClient", "src\Repository\RepositoryFramework.Test\RepositoryFramework.WebClient\RepositoryFramework.WebClient.csproj", "{F03D39B1-60F9-4AAC-95E1-3016C94E83D3}"
EndProject
Project("{2150E333-8FDC-42A3-9474-1A3956D46DE8}") = "Web", "Web", "{768B6007-F437-460C-B8E6-CAC2D2FCD28B}"
EndProject
Project("{9A19103F-16F7-4668-BE54-9A1E7A4F7556}") = "RepositoryFramework.Web.Components", "src\Repository\RepositoryFramework.Web\RepositoryFramework.Web.Components\RepositoryFramework.Web.Components.csproj", "{7B28FDA2-FA8E-41D8-B7BE-D5910E869DF3}"
EndProject
Project("{2150E333-8FDC-42A3-9474-1A3956D46DE8}") = "Test", "Test", "{731922E3-687E-4030-B765-FBD6A79E6EB6}"
EndProject
Project("{9A19103F-16F7-4668-BE54-9A1E7A4F7556}") = "RepositoryFramework.Web.Test.App", "src\Repository\RepositoryFramework.Web\RepositoryFramework.Web.Tests\RepositoryFramework.Web.Test.App\RepositoryFramework.Web.Test.App.csproj", "{898F8A32-4487-4CAF-8286-7C57BAAE8292}"
EndProject
Project("{9A19103F-16F7-4668-BE54-9A1E7A4F7556}") = "RepositoryFramework.Web.Test.BlazorApp", "src\Repository\RepositoryFramework.Web\RepositoryFramework.Web.Tests\RepositoryFramework.Web.Test.BlazorApp\RepositoryFramework.Web.Test.BlazorApp.csproj", "{BF511C46-63F8-42BC-9746-6A6C2331241B}"
EndProject
Project("{2150E333-8FDC-42A3-9474-1A3956D46DE8}") = "Workflows", "Workflows", "{21EA88B3-A513-4C01-8EB2-0E537C31EA07}"
	ProjectSection(SolutionItems) = preProject
		.github\workflows\PackageDeploy.RepositoryFramework.Infrastructure.Azure.CosmosSql.yml = .github\workflows\PackageDeploy.RepositoryFramework.Infrastructure.Azure.CosmosSql.yml
		.github\workflows\PackageDeploy.RepositoryFramework.Infrastructure.Azure.Storage.Blob.yml = .github\workflows\PackageDeploy.RepositoryFramework.Infrastructure.Azure.Storage.Blob.yml
		.github\workflows\PackageDeploy.RepositoryFramework.Infrastructure.Azure.Storage.Table.yml = .github\workflows\PackageDeploy.RepositoryFramework.Infrastructure.Azure.Storage.Table.yml
		.github\workflows\PackageDeploy.RepositoryFramework.Infrastructure.Dynamics.Dataverse.yml = .github\workflows\PackageDeploy.RepositoryFramework.Infrastructure.Dynamics.Dataverse.yml
		.github\workflows\PackageDeploy.RepositoryFramework.Infrastructure.EntityFramework.yml = .github\workflows\PackageDeploy.RepositoryFramework.Infrastructure.EntityFramework.yml
		.github\workflows\PackageDeploy.RepositoryFramework.Infrastructure.InMemory.yml = .github\workflows\PackageDeploy.RepositoryFramework.Infrastructure.InMemory.yml
		.github\workflows\PackageDeploy.RepositoryFramework.Infrastructure.MsSql.yml = .github\workflows\PackageDeploy.RepositoryFramework.Infrastructure.MsSql.yml
		.github\workflows\PackageDeploy.Rystem.BackgroundJob.yml = .github\workflows\PackageDeploy.Rystem.BackgroundJob.yml
		.github\workflows\PackageDeploy.Rystem.Concurrency.yml = .github\workflows\PackageDeploy.Rystem.Concurrency.yml
		.github\workflows\PackageDeploy.Rystem.Queue.yml = .github\workflows\PackageDeploy.Rystem.Queue.yml
		.github\workflows\PackageDeploy.Rystem.RepositoryFramework.Abstractions.yml = .github\workflows\PackageDeploy.Rystem.RepositoryFramework.Abstractions.yml
		.github\workflows\PackageDeploy.Rystem.RepositoryFramework.Api.Client.yml = .github\workflows\PackageDeploy.Rystem.RepositoryFramework.Api.Client.yml
		.github\workflows\PackageDeploy.Rystem.RepositoryFramework.Api.Server.yml = .github\workflows\PackageDeploy.Rystem.RepositoryFramework.Api.Server.yml
		.github\workflows\PackageDeploy.Rystem.RepositoryFramework.Cache.Azure.Storage.Blob.yml = .github\workflows\PackageDeploy.Rystem.RepositoryFramework.Cache.Azure.Storage.Blob.yml
		.github\workflows\PackageDeploy.Rystem.RepositoryFramework.Cache.yml = .github\workflows\PackageDeploy.Rystem.RepositoryFramework.Cache.yml
		.github\workflows\PackageDeploy.Rystem.RepositoryFramework.MigrationTools.yml = .github\workflows\PackageDeploy.Rystem.RepositoryFramework.MigrationTools.yml
		.github\workflows\PackageDeploy.Rystem.RepositoryFramework.Web.Components.yml = .github\workflows\PackageDeploy.Rystem.RepositoryFramework.Web.Components.yml
		.github\workflows\PackageDeploy.Rystem.yml = .github\workflows\PackageDeploy.Rystem.yml
		.github\workflows\SonarLint.RepositoryFramework.yml = .github\workflows\SonarLint.RepositoryFramework.yml
	EndProjectSection
EndProject
Project("{2150E333-8FDC-42A3-9474-1A3956D46DE8}") = "Miscellaneous", "Miscellaneous", "{5DD75C59-63B8-400E-8F63-EA1CE6664910}"
	ProjectSection(SolutionItems) = preProject
		CODE-OF-CONDUCT.md = CODE-OF-CONDUCT.md
		LICENSE.txt = LICENSE.txt
		README.md = README.md
		icons\rystem.icons.psd = icons\rystem.icons.psd
	EndProjectSection
EndProject
Project("{9A19103F-16F7-4668-BE54-9A1E7A4F7556}") = "RepositoryFramework.Web.Test.Api", "src\Repository\RepositoryFramework.Web\RepositoryFramework.Web.Tests\RepositoryFramework.Web.Test.Api\RepositoryFramework.Web.Test.Api.csproj", "{38DA6D08-95F8-4DF4-B4A0-7FADD6CCCCA7}"
EndProject
Project("{2150E333-8FDC-42A3-9474-1A3956D46DE8}") = "Web", "Web", "{90556A50-331A-4F25-B302-F0F7463B551F}"
EndProject
Project("{9A19103F-16F7-4668-BE54-9A1E7A4F7556}") = "Rystem.Web.Components", "src\Extensions\Web\Rystem.Web.Components\Rystem.Web.Components.csproj", "{DB310937-85DF-4AB4-BEBD-E7F79231414E}"
EndProject
Project("{2150E333-8FDC-42A3-9474-1A3956D46DE8}") = "Test", "Test", "{CE97A717-51CD-40D4-8618-AF683A710114}"
EndProject
Project("{9A19103F-16F7-4668-BE54-9A1E7A4F7556}") = "Rystem.Web.Components.Test", "src\Extensions\Web\Test\Rystem.Web.Components.Test\Rystem.Web.Components.Test.csproj", "{376CE714-5549-4138-A699-AF511B83E20A}"
EndProject
Project("{2150E333-8FDC-42A3-9474-1A3956D46DE8}") = "Content", "Content", "{F957E359-1CCC-4F33-8DDB-599DD297F21A}"
	ProjectSection(SolutionItems) = preProject
		src\Content\README.md = src\Content\README.md
	EndProjectSection
EndProject
Project("{2150E333-8FDC-42A3-9474-1A3956D46DE8}") = "Infrastructures", "Infrastructures", "{C2D49427-A12A-4608-A1DD-41340456EC82}"
EndProject
Project("{2150E333-8FDC-42A3-9474-1A3956D46DE8}") = "Test", "Test", "{56DD5A0F-5717-4F2C-8B4D-304DE6594A23}"
EndProject
Project("{9A19103F-16F7-4668-BE54-9A1E7A4F7556}") = "Rystem.Content.Infrastructure.Azure.Storage.Blob", "src\Content\Rystem.Content.Infrastructures\Rystem.Content.Infrastructure.Azure.Storage.Blob\Rystem.Content.Infrastructure.Azure.Storage.Blob.csproj", "{7230A28D-FDD6-465C-9689-DD4C487F7591}"
EndProject
Project("{9A19103F-16F7-4668-BE54-9A1E7A4F7556}") = "Rystem.Content.UnitTest", "src\Content\Rystem.Content.Tests\Rystem.Content.UnitTest\Rystem.Content.UnitTest.csproj", "{FA72FB86-14CD-4C50-AC2D-7F7A20D465A9}"
EndProject
Project("{9A19103F-16F7-4668-BE54-9A1E7A4F7556}") = "Rystem.Content.Abstractions", "src\Content\Rystem.Content.Abstractions\Rystem.Content.Abstractions.csproj", "{6B27FF4C-F10F-4210-938B-8B2425DABB8F}"
EndProject
Project("{2150E333-8FDC-42A3-9474-1A3956D46DE8}") = "Solution Items", "Solution Items", "{6994C288-D086-4ED7-82CB-4D3551DA9914}"
EndProject
Project("{9A19103F-16F7-4668-BE54-9A1E7A4F7556}") = "Rystem.Content.Infrastructure.InMemory", "src\Content\Rystem.Content.Infrastructures\Rystem.Content.Infrastructure.InMemory\Rystem.Content.Infrastructure.InMemory.csproj", "{D8BFF289-55F5-45A9-B75A-E96088BFE7EC}"
EndProject
Project("{9A19103F-16F7-4668-BE54-9A1E7A4F7556}") = "Rystem.Content.Infrastructure.M365.Sharepoint", "src\Content\Rystem.Content.Infrastructures\Rystem.Content.Infrastructure.M365.Sharepoint\Rystem.Content.Infrastructure.M365.Sharepoint.csproj", "{19B3E513-80E6-4DB1-8D32-A6ACCE8BBEA6}"
EndProject
Project("{9A19103F-16F7-4668-BE54-9A1E7A4F7556}") = "Rystem.Content.Infrastructure.Azure.Storage.File", "src\Content\Rystem.Content.Infrastructures\Rystem.Content.Infrastructure.Azure.Storage.File\Rystem.Content.Infrastructure.Azure.Storage.File.csproj", "{CEDEDE73-CAB0-495D-B38F-203D396C9C80}"
EndProject
Project("{54A90642-561A-4BB1-A94E-469ADEE60C69}") = "repositoryframework.api.client.typescript", "src\Repository\repositoryframework.api.client.typescript\repositoryframework.api.client.typescript.esproj", "{76129054-E88E-49DD-9557-0E610B31BA15}"
EndProject
Project("{9A19103F-16F7-4668-BE54-9A1E7A4F7556}") = "RepositoryFramework.ApiClient.UnitTest", "src\Repository\RepositoryFramework.Test\RepositoryFramework.ApiClient.UnitTest\RepositoryFramework.ApiClient.UnitTest.csproj", "{0479AB8C-A858-4AB2-9C51-F4748CCF5381}"
EndProject
Project("{9A19103F-16F7-4668-BE54-9A1E7A4F7556}") = "RepositoryFramework.Api.Client.Authentication.BlazorServer", "src\Repository\RepositoryFramework.Api.Client.Authentication.BlazorServer\RepositoryFramework.Api.Client.Authentication.BlazorServer.csproj", "{7CF12138-5452-453D-9401-ED21AEFA4370}"
EndProject
Project("{9A19103F-16F7-4668-BE54-9A1E7A4F7556}") = "Rystem.DependencyInjection", "src\Core\Rystem.DependencyInjection\Rystem.DependencyInjection.csproj", "{373F15D8-AFE4-42CD-B9BB-082F82CA6FCD}"
EndProject
Project("{FAE04EC0-301F-11D3-BF4B-00C04F79EFBC}") = "RepositoryFramework.Wasm", "src\Repository\RepositoryFramework.Test\RepositoryFramework.Wasm\RepositoryFramework.Wasm.csproj", "{09203D14-DD7F-441D-BE62-1C075448D733}"
EndProject
Project("{9A19103F-16F7-4668-BE54-9A1E7A4F7556}") = "RepositoryFramework.Api.Client.Authentication.BlazorWasm", "src\Repository\RepositoryFramework.Api.Client.Authentication.BlazorWasm\RepositoryFramework.Api.Client.Authentication.BlazorWasm.csproj", "{C5EEE70F-3968-4898-B209-4EFA8534633F}"
EndProject
Global
	GlobalSection(SolutionConfigurationPlatforms) = preSolution
		Debug|Any CPU = Debug|Any CPU
		Release|Any CPU = Release|Any CPU
	EndGlobalSection
	GlobalSection(ProjectConfigurationPlatforms) = postSolution
		{7D223625-1950-4ABB-AD04-B7D622C80FF0}.Debug|Any CPU.ActiveCfg = Debug|Any CPU
		{7D223625-1950-4ABB-AD04-B7D622C80FF0}.Debug|Any CPU.Build.0 = Debug|Any CPU
		{7D223625-1950-4ABB-AD04-B7D622C80FF0}.Release|Any CPU.ActiveCfg = Release|Any CPU
		{7D223625-1950-4ABB-AD04-B7D622C80FF0}.Release|Any CPU.Build.0 = Release|Any CPU
		{538809CE-85A8-4607-9E2C-C8390E40FA7E}.Debug|Any CPU.ActiveCfg = Debug|Any CPU
		{538809CE-85A8-4607-9E2C-C8390E40FA7E}.Debug|Any CPU.Build.0 = Debug|Any CPU
		{538809CE-85A8-4607-9E2C-C8390E40FA7E}.Release|Any CPU.ActiveCfg = Release|Any CPU
		{538809CE-85A8-4607-9E2C-C8390E40FA7E}.Release|Any CPU.Build.0 = Release|Any CPU
		{38B018EA-A5DD-49EF-A955-242286F1E9F8}.Debug|Any CPU.ActiveCfg = Debug|Any CPU
		{38B018EA-A5DD-49EF-A955-242286F1E9F8}.Debug|Any CPU.Build.0 = Debug|Any CPU
		{38B018EA-A5DD-49EF-A955-242286F1E9F8}.Release|Any CPU.ActiveCfg = Release|Any CPU
		{38B018EA-A5DD-49EF-A955-242286F1E9F8}.Release|Any CPU.Build.0 = Release|Any CPU
		{92BDF8F7-C9C3-48E7-AFB7-6D67F9986426}.Debug|Any CPU.ActiveCfg = Debug|Any CPU
		{92BDF8F7-C9C3-48E7-AFB7-6D67F9986426}.Debug|Any CPU.Build.0 = Debug|Any CPU
		{92BDF8F7-C9C3-48E7-AFB7-6D67F9986426}.Release|Any CPU.ActiveCfg = Release|Any CPU
		{92BDF8F7-C9C3-48E7-AFB7-6D67F9986426}.Release|Any CPU.Build.0 = Release|Any CPU
		{9F28CD60-9232-4403-B8B6-E54C17F40349}.Debug|Any CPU.ActiveCfg = Debug|Any CPU
		{9F28CD60-9232-4403-B8B6-E54C17F40349}.Debug|Any CPU.Build.0 = Debug|Any CPU
		{9F28CD60-9232-4403-B8B6-E54C17F40349}.Release|Any CPU.ActiveCfg = Release|Any CPU
		{9F28CD60-9232-4403-B8B6-E54C17F40349}.Release|Any CPU.Build.0 = Release|Any CPU
		{5E2D979C-725A-4F86-9065-453CBEFF533E}.Debug|Any CPU.ActiveCfg = Debug|Any CPU
		{5E2D979C-725A-4F86-9065-453CBEFF533E}.Debug|Any CPU.Build.0 = Debug|Any CPU
		{5E2D979C-725A-4F86-9065-453CBEFF533E}.Release|Any CPU.ActiveCfg = Release|Any CPU
		{5E2D979C-725A-4F86-9065-453CBEFF533E}.Release|Any CPU.Build.0 = Release|Any CPU
		{81735459-BDA7-4D7F-8CBF-F00565F8641D}.Debug|Any CPU.ActiveCfg = Debug|Any CPU
		{81735459-BDA7-4D7F-8CBF-F00565F8641D}.Debug|Any CPU.Build.0 = Debug|Any CPU
		{81735459-BDA7-4D7F-8CBF-F00565F8641D}.Release|Any CPU.ActiveCfg = Release|Any CPU
		{81735459-BDA7-4D7F-8CBF-F00565F8641D}.Release|Any CPU.Build.0 = Release|Any CPU
		{51231173-F8E1-4ED1-9FE7-583900C9CBA4}.Debug|Any CPU.ActiveCfg = Debug|Any CPU
		{51231173-F8E1-4ED1-9FE7-583900C9CBA4}.Debug|Any CPU.Build.0 = Debug|Any CPU
		{51231173-F8E1-4ED1-9FE7-583900C9CBA4}.Release|Any CPU.ActiveCfg = Release|Any CPU
		{51231173-F8E1-4ED1-9FE7-583900C9CBA4}.Release|Any CPU.Build.0 = Release|Any CPU
		{531D699D-AA4F-425F-9C79-39E8282DB858}.Debug|Any CPU.ActiveCfg = Debug|Any CPU
		{531D699D-AA4F-425F-9C79-39E8282DB858}.Debug|Any CPU.Build.0 = Debug|Any CPU
		{531D699D-AA4F-425F-9C79-39E8282DB858}.Release|Any CPU.ActiveCfg = Release|Any CPU
		{531D699D-AA4F-425F-9C79-39E8282DB858}.Release|Any CPU.Build.0 = Release|Any CPU
		{195FB13D-85F0-4F34-86E5-034E93D087CD}.Debug|Any CPU.ActiveCfg = Debug|Any CPU
		{195FB13D-85F0-4F34-86E5-034E93D087CD}.Debug|Any CPU.Build.0 = Debug|Any CPU
		{195FB13D-85F0-4F34-86E5-034E93D087CD}.Release|Any CPU.ActiveCfg = Release|Any CPU
		{195FB13D-85F0-4F34-86E5-034E93D087CD}.Release|Any CPU.Build.0 = Release|Any CPU
		{D0F5929B-AB37-4ED2-A6FD-A0150E9D0CEC}.Debug|Any CPU.ActiveCfg = Debug|Any CPU
		{D0F5929B-AB37-4ED2-A6FD-A0150E9D0CEC}.Debug|Any CPU.Build.0 = Debug|Any CPU
		{D0F5929B-AB37-4ED2-A6FD-A0150E9D0CEC}.Release|Any CPU.ActiveCfg = Release|Any CPU
		{D0F5929B-AB37-4ED2-A6FD-A0150E9D0CEC}.Release|Any CPU.Build.0 = Release|Any CPU
		{24DEF10C-CACE-490C-BFA3-29EDF6904FBB}.Debug|Any CPU.ActiveCfg = Debug|Any CPU
		{24DEF10C-CACE-490C-BFA3-29EDF6904FBB}.Debug|Any CPU.Build.0 = Debug|Any CPU
		{24DEF10C-CACE-490C-BFA3-29EDF6904FBB}.Release|Any CPU.ActiveCfg = Release|Any CPU
		{24DEF10C-CACE-490C-BFA3-29EDF6904FBB}.Release|Any CPU.Build.0 = Release|Any CPU
		{0E39B0E3-5EC2-4F41-9A11-7671C831013A}.Debug|Any CPU.ActiveCfg = Debug|Any CPU
		{0E39B0E3-5EC2-4F41-9A11-7671C831013A}.Debug|Any CPU.Build.0 = Debug|Any CPU
		{0E39B0E3-5EC2-4F41-9A11-7671C831013A}.Release|Any CPU.ActiveCfg = Release|Any CPU
		{0E39B0E3-5EC2-4F41-9A11-7671C831013A}.Release|Any CPU.Build.0 = Release|Any CPU
		{C28B2EA6-F924-46BF-82E0-3ABB86A40CC9}.Debug|Any CPU.ActiveCfg = Debug|Any CPU
		{C28B2EA6-F924-46BF-82E0-3ABB86A40CC9}.Debug|Any CPU.Build.0 = Debug|Any CPU
		{C28B2EA6-F924-46BF-82E0-3ABB86A40CC9}.Release|Any CPU.ActiveCfg = Release|Any CPU
		{C28B2EA6-F924-46BF-82E0-3ABB86A40CC9}.Release|Any CPU.Build.0 = Release|Any CPU
		{72246C7E-0F53-4D95-8518-770580389EA8}.Debug|Any CPU.ActiveCfg = Debug|Any CPU
		{72246C7E-0F53-4D95-8518-770580389EA8}.Debug|Any CPU.Build.0 = Debug|Any CPU
		{72246C7E-0F53-4D95-8518-770580389EA8}.Release|Any CPU.ActiveCfg = Release|Any CPU
		{72246C7E-0F53-4D95-8518-770580389EA8}.Release|Any CPU.Build.0 = Release|Any CPU
		{98A49810-C9AB-49D2-956C-7CAB992CFDC0}.Debug|Any CPU.ActiveCfg = Debug|Any CPU
		{98A49810-C9AB-49D2-956C-7CAB992CFDC0}.Debug|Any CPU.Build.0 = Debug|Any CPU
		{98A49810-C9AB-49D2-956C-7CAB992CFDC0}.Release|Any CPU.ActiveCfg = Release|Any CPU
		{98A49810-C9AB-49D2-956C-7CAB992CFDC0}.Release|Any CPU.Build.0 = Release|Any CPU
		{26F6042D-2E01-4221-87B6-E06E8DA02C8D}.Debug|Any CPU.ActiveCfg = Debug|Any CPU
		{26F6042D-2E01-4221-87B6-E06E8DA02C8D}.Debug|Any CPU.Build.0 = Debug|Any CPU
		{26F6042D-2E01-4221-87B6-E06E8DA02C8D}.Release|Any CPU.ActiveCfg = Release|Any CPU
		{26F6042D-2E01-4221-87B6-E06E8DA02C8D}.Release|Any CPU.Build.0 = Release|Any CPU
		{DF0472D0-D128-4BAA-8D12-E2FFE4FE17E7}.Debug|Any CPU.ActiveCfg = Debug|Any CPU
		{DF0472D0-D128-4BAA-8D12-E2FFE4FE17E7}.Debug|Any CPU.Build.0 = Debug|Any CPU
		{DF0472D0-D128-4BAA-8D12-E2FFE4FE17E7}.Release|Any CPU.ActiveCfg = Release|Any CPU
		{DF0472D0-D128-4BAA-8D12-E2FFE4FE17E7}.Release|Any CPU.Build.0 = Release|Any CPU
		{E4434312-78F9-4E8E-B6E4-576E320021D5}.Debug|Any CPU.ActiveCfg = Debug|Any CPU
		{E4434312-78F9-4E8E-B6E4-576E320021D5}.Debug|Any CPU.Build.0 = Debug|Any CPU
		{E4434312-78F9-4E8E-B6E4-576E320021D5}.Release|Any CPU.ActiveCfg = Release|Any CPU
		{E4434312-78F9-4E8E-B6E4-576E320021D5}.Release|Any CPU.Build.0 = Release|Any CPU
		{42B34427-0500-4C95-8508-E59767C55A6E}.Debug|Any CPU.ActiveCfg = Debug|Any CPU
		{42B34427-0500-4C95-8508-E59767C55A6E}.Debug|Any CPU.Build.0 = Debug|Any CPU
		{42B34427-0500-4C95-8508-E59767C55A6E}.Release|Any CPU.ActiveCfg = Release|Any CPU
		{42B34427-0500-4C95-8508-E59767C55A6E}.Release|Any CPU.Build.0 = Release|Any CPU
		{C9899042-33D5-49E5-895B-D7A2ADAA7F81}.Debug|Any CPU.ActiveCfg = Debug|Any CPU
		{C9899042-33D5-49E5-895B-D7A2ADAA7F81}.Debug|Any CPU.Build.0 = Debug|Any CPU
		{C9899042-33D5-49E5-895B-D7A2ADAA7F81}.Release|Any CPU.ActiveCfg = Release|Any CPU
		{C9899042-33D5-49E5-895B-D7A2ADAA7F81}.Release|Any CPU.Build.0 = Release|Any CPU
		{84B3DCA8-80C2-4701-8321-39BADD9CA5B0}.Debug|Any CPU.ActiveCfg = Debug|Any CPU
		{84B3DCA8-80C2-4701-8321-39BADD9CA5B0}.Debug|Any CPU.Build.0 = Debug|Any CPU
		{84B3DCA8-80C2-4701-8321-39BADD9CA5B0}.Release|Any CPU.ActiveCfg = Release|Any CPU
		{84B3DCA8-80C2-4701-8321-39BADD9CA5B0}.Release|Any CPU.Build.0 = Release|Any CPU
		{FF16BFF2-0787-4A54-B29B-D42B93D579B5}.Debug|Any CPU.ActiveCfg = Debug|Any CPU
		{FF16BFF2-0787-4A54-B29B-D42B93D579B5}.Debug|Any CPU.Build.0 = Debug|Any CPU
		{FF16BFF2-0787-4A54-B29B-D42B93D579B5}.Release|Any CPU.ActiveCfg = Release|Any CPU
		{FF16BFF2-0787-4A54-B29B-D42B93D579B5}.Release|Any CPU.Build.0 = Release|Any CPU
		{8B8E2EE0-DB28-45A6-B7EE-E9F92623BB10}.Debug|Any CPU.ActiveCfg = Debug|Any CPU
		{8B8E2EE0-DB28-45A6-B7EE-E9F92623BB10}.Debug|Any CPU.Build.0 = Debug|Any CPU
		{8B8E2EE0-DB28-45A6-B7EE-E9F92623BB10}.Release|Any CPU.ActiveCfg = Release|Any CPU
		{8B8E2EE0-DB28-45A6-B7EE-E9F92623BB10}.Release|Any CPU.Build.0 = Release|Any CPU
		{7DC53C42-543C-49A8-8C02-F1E54DF9EA61}.Debug|Any CPU.ActiveCfg = Debug|Any CPU
		{7DC53C42-543C-49A8-8C02-F1E54DF9EA61}.Debug|Any CPU.Build.0 = Debug|Any CPU
		{7DC53C42-543C-49A8-8C02-F1E54DF9EA61}.Release|Any CPU.ActiveCfg = Release|Any CPU
		{7DC53C42-543C-49A8-8C02-F1E54DF9EA61}.Release|Any CPU.Build.0 = Release|Any CPU
		{B074EF5E-4E91-49BA-BA3A-48252AB95674}.Debug|Any CPU.ActiveCfg = Debug|Any CPU
		{B074EF5E-4E91-49BA-BA3A-48252AB95674}.Debug|Any CPU.Build.0 = Debug|Any CPU
		{B074EF5E-4E91-49BA-BA3A-48252AB95674}.Release|Any CPU.ActiveCfg = Release|Any CPU
		{B074EF5E-4E91-49BA-BA3A-48252AB95674}.Release|Any CPU.Build.0 = Release|Any CPU
		{BDA12BF0-0C6D-4E17-B251-CF941F5D892D}.Debug|Any CPU.ActiveCfg = Debug|Any CPU
		{BDA12BF0-0C6D-4E17-B251-CF941F5D892D}.Debug|Any CPU.Build.0 = Debug|Any CPU
		{BDA12BF0-0C6D-4E17-B251-CF941F5D892D}.Release|Any CPU.ActiveCfg = Release|Any CPU
		{BDA12BF0-0C6D-4E17-B251-CF941F5D892D}.Release|Any CPU.Build.0 = Release|Any CPU
		{56DD504A-8A2C-4C16-902B-7D02FD87D454}.Debug|Any CPU.ActiveCfg = Debug|Any CPU
		{56DD504A-8A2C-4C16-902B-7D02FD87D454}.Debug|Any CPU.Build.0 = Debug|Any CPU
		{56DD504A-8A2C-4C16-902B-7D02FD87D454}.Release|Any CPU.ActiveCfg = Release|Any CPU
		{56DD504A-8A2C-4C16-902B-7D02FD87D454}.Release|Any CPU.Build.0 = Release|Any CPU
		{78CC9ADE-7EDB-44B9-81BB-F4CD258F81D5}.Debug|Any CPU.ActiveCfg = Debug|Any CPU
		{78CC9ADE-7EDB-44B9-81BB-F4CD258F81D5}.Debug|Any CPU.Build.0 = Debug|Any CPU
		{78CC9ADE-7EDB-44B9-81BB-F4CD258F81D5}.Release|Any CPU.ActiveCfg = Release|Any CPU
		{78CC9ADE-7EDB-44B9-81BB-F4CD258F81D5}.Release|Any CPU.Build.0 = Release|Any CPU
		{88DFBB26-9A82-41F0-9947-1ECDCF028559}.Debug|Any CPU.ActiveCfg = Debug|Any CPU
		{88DFBB26-9A82-41F0-9947-1ECDCF028559}.Debug|Any CPU.Build.0 = Debug|Any CPU
		{88DFBB26-9A82-41F0-9947-1ECDCF028559}.Release|Any CPU.ActiveCfg = Release|Any CPU
		{88DFBB26-9A82-41F0-9947-1ECDCF028559}.Release|Any CPU.Build.0 = Release|Any CPU
		{04C9D625-AD99-4384-94D5-2A4380643B50}.Debug|Any CPU.ActiveCfg = Debug|Any CPU
		{04C9D625-AD99-4384-94D5-2A4380643B50}.Debug|Any CPU.Build.0 = Debug|Any CPU
		{04C9D625-AD99-4384-94D5-2A4380643B50}.Release|Any CPU.ActiveCfg = Release|Any CPU
		{04C9D625-AD99-4384-94D5-2A4380643B50}.Release|Any CPU.Build.0 = Release|Any CPU
		{F03D39B1-60F9-4AAC-95E1-3016C94E83D3}.Debug|Any CPU.ActiveCfg = Debug|Any CPU
		{F03D39B1-60F9-4AAC-95E1-3016C94E83D3}.Debug|Any CPU.Build.0 = Debug|Any CPU
		{F03D39B1-60F9-4AAC-95E1-3016C94E83D3}.Release|Any CPU.ActiveCfg = Release|Any CPU
		{F03D39B1-60F9-4AAC-95E1-3016C94E83D3}.Release|Any CPU.Build.0 = Release|Any CPU
		{7B28FDA2-FA8E-41D8-B7BE-D5910E869DF3}.Debug|Any CPU.ActiveCfg = Debug|Any CPU
		{7B28FDA2-FA8E-41D8-B7BE-D5910E869DF3}.Debug|Any CPU.Build.0 = Debug|Any CPU
		{7B28FDA2-FA8E-41D8-B7BE-D5910E869DF3}.Release|Any CPU.ActiveCfg = Release|Any CPU
		{7B28FDA2-FA8E-41D8-B7BE-D5910E869DF3}.Release|Any CPU.Build.0 = Release|Any CPU
		{898F8A32-4487-4CAF-8286-7C57BAAE8292}.Debug|Any CPU.ActiveCfg = Debug|Any CPU
		{898F8A32-4487-4CAF-8286-7C57BAAE8292}.Debug|Any CPU.Build.0 = Debug|Any CPU
		{898F8A32-4487-4CAF-8286-7C57BAAE8292}.Release|Any CPU.ActiveCfg = Release|Any CPU
		{898F8A32-4487-4CAF-8286-7C57BAAE8292}.Release|Any CPU.Build.0 = Release|Any CPU
		{BF511C46-63F8-42BC-9746-6A6C2331241B}.Debug|Any CPU.ActiveCfg = Debug|Any CPU
		{BF511C46-63F8-42BC-9746-6A6C2331241B}.Debug|Any CPU.Build.0 = Debug|Any CPU
		{BF511C46-63F8-42BC-9746-6A6C2331241B}.Release|Any CPU.ActiveCfg = Release|Any CPU
		{BF511C46-63F8-42BC-9746-6A6C2331241B}.Release|Any CPU.Build.0 = Release|Any CPU
		{38DA6D08-95F8-4DF4-B4A0-7FADD6CCCCA7}.Debug|Any CPU.ActiveCfg = Debug|Any CPU
		{38DA6D08-95F8-4DF4-B4A0-7FADD6CCCCA7}.Debug|Any CPU.Build.0 = Debug|Any CPU
		{38DA6D08-95F8-4DF4-B4A0-7FADD6CCCCA7}.Release|Any CPU.ActiveCfg = Release|Any CPU
		{38DA6D08-95F8-4DF4-B4A0-7FADD6CCCCA7}.Release|Any CPU.Build.0 = Release|Any CPU
		{DB310937-85DF-4AB4-BEBD-E7F79231414E}.Debug|Any CPU.ActiveCfg = Debug|Any CPU
		{DB310937-85DF-4AB4-BEBD-E7F79231414E}.Debug|Any CPU.Build.0 = Debug|Any CPU
		{DB310937-85DF-4AB4-BEBD-E7F79231414E}.Release|Any CPU.ActiveCfg = Release|Any CPU
		{DB310937-85DF-4AB4-BEBD-E7F79231414E}.Release|Any CPU.Build.0 = Release|Any CPU
		{376CE714-5549-4138-A699-AF511B83E20A}.Debug|Any CPU.ActiveCfg = Debug|Any CPU
		{376CE714-5549-4138-A699-AF511B83E20A}.Debug|Any CPU.Build.0 = Debug|Any CPU
		{376CE714-5549-4138-A699-AF511B83E20A}.Release|Any CPU.ActiveCfg = Release|Any CPU
		{376CE714-5549-4138-A699-AF511B83E20A}.Release|Any CPU.Build.0 = Release|Any CPU
		{7230A28D-FDD6-465C-9689-DD4C487F7591}.Debug|Any CPU.ActiveCfg = Debug|Any CPU
		{7230A28D-FDD6-465C-9689-DD4C487F7591}.Debug|Any CPU.Build.0 = Debug|Any CPU
		{7230A28D-FDD6-465C-9689-DD4C487F7591}.Release|Any CPU.ActiveCfg = Release|Any CPU
		{7230A28D-FDD6-465C-9689-DD4C487F7591}.Release|Any CPU.Build.0 = Release|Any CPU
		{FA72FB86-14CD-4C50-AC2D-7F7A20D465A9}.Debug|Any CPU.ActiveCfg = Debug|Any CPU
		{FA72FB86-14CD-4C50-AC2D-7F7A20D465A9}.Debug|Any CPU.Build.0 = Debug|Any CPU
		{FA72FB86-14CD-4C50-AC2D-7F7A20D465A9}.Release|Any CPU.ActiveCfg = Release|Any CPU
		{FA72FB86-14CD-4C50-AC2D-7F7A20D465A9}.Release|Any CPU.Build.0 = Release|Any CPU
		{6B27FF4C-F10F-4210-938B-8B2425DABB8F}.Debug|Any CPU.ActiveCfg = Debug|Any CPU
		{6B27FF4C-F10F-4210-938B-8B2425DABB8F}.Debug|Any CPU.Build.0 = Debug|Any CPU
		{6B27FF4C-F10F-4210-938B-8B2425DABB8F}.Release|Any CPU.ActiveCfg = Release|Any CPU
		{6B27FF4C-F10F-4210-938B-8B2425DABB8F}.Release|Any CPU.Build.0 = Release|Any CPU
		{D8BFF289-55F5-45A9-B75A-E96088BFE7EC}.Debug|Any CPU.ActiveCfg = Debug|Any CPU
		{D8BFF289-55F5-45A9-B75A-E96088BFE7EC}.Debug|Any CPU.Build.0 = Debug|Any CPU
		{D8BFF289-55F5-45A9-B75A-E96088BFE7EC}.Release|Any CPU.ActiveCfg = Release|Any CPU
		{D8BFF289-55F5-45A9-B75A-E96088BFE7EC}.Release|Any CPU.Build.0 = Release|Any CPU
		{19B3E513-80E6-4DB1-8D32-A6ACCE8BBEA6}.Debug|Any CPU.ActiveCfg = Debug|Any CPU
		{19B3E513-80E6-4DB1-8D32-A6ACCE8BBEA6}.Debug|Any CPU.Build.0 = Debug|Any CPU
		{19B3E513-80E6-4DB1-8D32-A6ACCE8BBEA6}.Release|Any CPU.ActiveCfg = Release|Any CPU
		{19B3E513-80E6-4DB1-8D32-A6ACCE8BBEA6}.Release|Any CPU.Build.0 = Release|Any CPU
		{CEDEDE73-CAB0-495D-B38F-203D396C9C80}.Debug|Any CPU.ActiveCfg = Debug|Any CPU
		{CEDEDE73-CAB0-495D-B38F-203D396C9C80}.Debug|Any CPU.Build.0 = Debug|Any CPU
		{CEDEDE73-CAB0-495D-B38F-203D396C9C80}.Release|Any CPU.ActiveCfg = Release|Any CPU
		{CEDEDE73-CAB0-495D-B38F-203D396C9C80}.Release|Any CPU.Build.0 = Release|Any CPU
		{76129054-E88E-49DD-9557-0E610B31BA15}.Debug|Any CPU.ActiveCfg = Debug|Any CPU
		{76129054-E88E-49DD-9557-0E610B31BA15}.Debug|Any CPU.Build.0 = Debug|Any CPU
		{76129054-E88E-49DD-9557-0E610B31BA15}.Debug|Any CPU.Deploy.0 = Debug|Any CPU
		{76129054-E88E-49DD-9557-0E610B31BA15}.Release|Any CPU.ActiveCfg = Release|Any CPU
		{76129054-E88E-49DD-9557-0E610B31BA15}.Release|Any CPU.Build.0 = Release|Any CPU
		{76129054-E88E-49DD-9557-0E610B31BA15}.Release|Any CPU.Deploy.0 = Release|Any CPU
		{0479AB8C-A858-4AB2-9C51-F4748CCF5381}.Debug|Any CPU.ActiveCfg = Debug|Any CPU
		{0479AB8C-A858-4AB2-9C51-F4748CCF5381}.Debug|Any CPU.Build.0 = Debug|Any CPU
		{0479AB8C-A858-4AB2-9C51-F4748CCF5381}.Release|Any CPU.ActiveCfg = Release|Any CPU
		{0479AB8C-A858-4AB2-9C51-F4748CCF5381}.Release|Any CPU.Build.0 = Release|Any CPU
		{7CF12138-5452-453D-9401-ED21AEFA4370}.Debug|Any CPU.ActiveCfg = Debug|Any CPU
		{7CF12138-5452-453D-9401-ED21AEFA4370}.Debug|Any CPU.Build.0 = Debug|Any CPU
		{7CF12138-5452-453D-9401-ED21AEFA4370}.Release|Any CPU.ActiveCfg = Release|Any CPU
		{7CF12138-5452-453D-9401-ED21AEFA4370}.Release|Any CPU.Build.0 = Release|Any CPU
		{373F15D8-AFE4-42CD-B9BB-082F82CA6FCD}.Debug|Any CPU.ActiveCfg = Debug|Any CPU
		{373F15D8-AFE4-42CD-B9BB-082F82CA6FCD}.Debug|Any CPU.Build.0 = Debug|Any CPU
		{373F15D8-AFE4-42CD-B9BB-082F82CA6FCD}.Release|Any CPU.ActiveCfg = Release|Any CPU
		{373F15D8-AFE4-42CD-B9BB-082F82CA6FCD}.Release|Any CPU.Build.0 = Release|Any CPU
		{09203D14-DD7F-441D-BE62-1C075448D733}.Debug|Any CPU.ActiveCfg = Debug|Any CPU
		{09203D14-DD7F-441D-BE62-1C075448D733}.Debug|Any CPU.Build.0 = Debug|Any CPU
		{09203D14-DD7F-441D-BE62-1C075448D733}.Release|Any CPU.ActiveCfg = Release|Any CPU
		{09203D14-DD7F-441D-BE62-1C075448D733}.Release|Any CPU.Build.0 = Release|Any CPU
		{C5EEE70F-3968-4898-B209-4EFA8534633F}.Debug|Any CPU.ActiveCfg = Debug|Any CPU
		{C5EEE70F-3968-4898-B209-4EFA8534633F}.Debug|Any CPU.Build.0 = Debug|Any CPU
		{C5EEE70F-3968-4898-B209-4EFA8534633F}.Release|Any CPU.ActiveCfg = Release|Any CPU
		{C5EEE70F-3968-4898-B209-4EFA8534633F}.Release|Any CPU.Build.0 = Release|Any CPU
	EndGlobalSection
	GlobalSection(SolutionProperties) = preSolution
		HideSolutionNode = FALSE
	EndGlobalSection
	GlobalSection(NestedProjects) = preSolution
		{7D223625-1950-4ABB-AD04-B7D622C80FF0} = {46CBA320-817E-4608-918B-73BA748910F4}
		{5AB07B65-AC2E-482D-B2AD-2AB7375941C4} = {B385DA45-F3CA-455B-91F1-1663EAC993E9}
		{D3C3AC4B-1339-4EB3-920B-99CF3D492DF4} = {B385DA45-F3CA-455B-91F1-1663EAC993E9}
		{2B79D3F0-8FBE-4F69-996D-51933E5756FD} = {B385DA45-F3CA-455B-91F1-1663EAC993E9}
		{538809CE-85A8-4607-9E2C-C8390E40FA7E} = {5AB07B65-AC2E-482D-B2AD-2AB7375941C4}
		{38B018EA-A5DD-49EF-A955-242286F1E9F8} = {5AB07B65-AC2E-482D-B2AD-2AB7375941C4}
		{9073BD1E-24D8-42D3-81E4-579941A241D1} = {D3C3AC4B-1339-4EB3-920B-99CF3D492DF4}
		{92BDF8F7-C9C3-48E7-AFB7-6D67F9986426} = {9073BD1E-24D8-42D3-81E4-579941A241D1}
		{9F28CD60-9232-4403-B8B6-E54C17F40349} = {9073BD1E-24D8-42D3-81E4-579941A241D1}
		{B4F0532A-1BB3-413E-AFCA-C0ADFDFA50F0} = {D3C3AC4B-1339-4EB3-920B-99CF3D492DF4}
		{5E2D979C-725A-4F86-9065-453CBEFF533E} = {B4F0532A-1BB3-413E-AFCA-C0ADFDFA50F0}
		{81735459-BDA7-4D7F-8CBF-F00565F8641D} = {B4F0532A-1BB3-413E-AFCA-C0ADFDFA50F0}
		{2205195F-AD31-4072-86C5-90920BE80441} = {D3C3AC4B-1339-4EB3-920B-99CF3D492DF4}
		{51231173-F8E1-4ED1-9FE7-583900C9CBA4} = {2205195F-AD31-4072-86C5-90920BE80441}
		{531D699D-AA4F-425F-9C79-39E8282DB858} = {2205195F-AD31-4072-86C5-90920BE80441}
		{01697CE0-307D-47FA-AC02-D6401D21B803} = {D3C3AC4B-1339-4EB3-920B-99CF3D492DF4}
		{195FB13D-85F0-4F34-86E5-034E93D087CD} = {01697CE0-307D-47FA-AC02-D6401D21B803}
		{D0F5929B-AB37-4ED2-A6FD-A0150E9D0CEC} = {01697CE0-307D-47FA-AC02-D6401D21B803}
		{2EFDC9BE-6197-40DF-B585-42BD54EF2BB5} = {D3C3AC4B-1339-4EB3-920B-99CF3D492DF4}
		{24DEF10C-CACE-490C-BFA3-29EDF6904FBB} = {2EFDC9BE-6197-40DF-B585-42BD54EF2BB5}
		{0E39B0E3-5EC2-4F41-9A11-7671C831013A} = {2B47DF45-BCE1-488F-A6E9-0EF0F7344CA0}
		{C28B2EA6-F924-46BF-82E0-3ABB86A40CC9} = {2B47DF45-BCE1-488F-A6E9-0EF0F7344CA0}
		{2B47DF45-BCE1-488F-A6E9-0EF0F7344CA0} = {2EFDC9BE-6197-40DF-B585-42BD54EF2BB5}
		{72246C7E-0F53-4D95-8518-770580389EA8} = {2B79D3F0-8FBE-4F69-996D-51933E5756FD}
		{98A49810-C9AB-49D2-956C-7CAB992CFDC0} = {2B79D3F0-8FBE-4F69-996D-51933E5756FD}
		{26F6042D-2E01-4221-87B6-E06E8DA02C8D} = {2B79D3F0-8FBE-4F69-996D-51933E5756FD}
		{DF0472D0-D128-4BAA-8D12-E2FFE4FE17E7} = {2B79D3F0-8FBE-4F69-996D-51933E5756FD}
		{530A1A96-DB16-49F6-8B1B-F7E7C5B3061D} = {2B79D3F0-8FBE-4F69-996D-51933E5756FD}
		{E4434312-78F9-4E8E-B6E4-576E320021D5} = {530A1A96-DB16-49F6-8B1B-F7E7C5B3061D}
		{42B34427-0500-4C95-8508-E59767C55A6E} = {530A1A96-DB16-49F6-8B1B-F7E7C5B3061D}
		{C9899042-33D5-49E5-895B-D7A2ADAA7F81} = {530A1A96-DB16-49F6-8B1B-F7E7C5B3061D}
		{84B3DCA8-80C2-4701-8321-39BADD9CA5B0} = {530A1A96-DB16-49F6-8B1B-F7E7C5B3061D}
		{FF16BFF2-0787-4A54-B29B-D42B93D579B5} = {530A1A96-DB16-49F6-8B1B-F7E7C5B3061D}
		{8B8E2EE0-DB28-45A6-B7EE-E9F92623BB10} = {530A1A96-DB16-49F6-8B1B-F7E7C5B3061D}
		{7DC53C42-543C-49A8-8C02-F1E54DF9EA61} = {530A1A96-DB16-49F6-8B1B-F7E7C5B3061D}
		{22DC4E75-6E75-465F-8315-4ACB0167548D} = {2B79D3F0-8FBE-4F69-996D-51933E5756FD}
		{B074EF5E-4E91-49BA-BA3A-48252AB95674} = {22DC4E75-6E75-465F-8315-4ACB0167548D}
		{BDA12BF0-0C6D-4E17-B251-CF941F5D892D} = {22DC4E75-6E75-465F-8315-4ACB0167548D}
		{CE9D708E-E4B7-42E4-AC76-9C936272E6D5} = {2B79D3F0-8FBE-4F69-996D-51933E5756FD}
		{56DD504A-8A2C-4C16-902B-7D02FD87D454} = {CE9D708E-E4B7-42E4-AC76-9C936272E6D5}
		{78CC9ADE-7EDB-44B9-81BB-F4CD258F81D5} = {CE9D708E-E4B7-42E4-AC76-9C936272E6D5}
		{88DFBB26-9A82-41F0-9947-1ECDCF028559} = {CE9D708E-E4B7-42E4-AC76-9C936272E6D5}
		{04C9D625-AD99-4384-94D5-2A4380643B50} = {CE9D708E-E4B7-42E4-AC76-9C936272E6D5}
		{F03D39B1-60F9-4AAC-95E1-3016C94E83D3} = {CE9D708E-E4B7-42E4-AC76-9C936272E6D5}
		{768B6007-F437-460C-B8E6-CAC2D2FCD28B} = {2B79D3F0-8FBE-4F69-996D-51933E5756FD}
		{7B28FDA2-FA8E-41D8-B7BE-D5910E869DF3} = {768B6007-F437-460C-B8E6-CAC2D2FCD28B}
		{731922E3-687E-4030-B765-FBD6A79E6EB6} = {768B6007-F437-460C-B8E6-CAC2D2FCD28B}
		{898F8A32-4487-4CAF-8286-7C57BAAE8292} = {731922E3-687E-4030-B765-FBD6A79E6EB6}
		{BF511C46-63F8-42BC-9746-6A6C2331241B} = {731922E3-687E-4030-B765-FBD6A79E6EB6}
		{38DA6D08-95F8-4DF4-B4A0-7FADD6CCCCA7} = {731922E3-687E-4030-B765-FBD6A79E6EB6}
		{90556A50-331A-4F25-B302-F0F7463B551F} = {D3C3AC4B-1339-4EB3-920B-99CF3D492DF4}
		{DB310937-85DF-4AB4-BEBD-E7F79231414E} = {90556A50-331A-4F25-B302-F0F7463B551F}
		{CE97A717-51CD-40D4-8618-AF683A710114} = {90556A50-331A-4F25-B302-F0F7463B551F}
		{376CE714-5549-4138-A699-AF511B83E20A} = {CE97A717-51CD-40D4-8618-AF683A710114}
		{F957E359-1CCC-4F33-8DDB-599DD297F21A} = {B385DA45-F3CA-455B-91F1-1663EAC993E9}
		{C2D49427-A12A-4608-A1DD-41340456EC82} = {F957E359-1CCC-4F33-8DDB-599DD297F21A}
		{56DD5A0F-5717-4F2C-8B4D-304DE6594A23} = {F957E359-1CCC-4F33-8DDB-599DD297F21A}
		{7230A28D-FDD6-465C-9689-DD4C487F7591} = {C2D49427-A12A-4608-A1DD-41340456EC82}
		{FA72FB86-14CD-4C50-AC2D-7F7A20D465A9} = {56DD5A0F-5717-4F2C-8B4D-304DE6594A23}
		{6B27FF4C-F10F-4210-938B-8B2425DABB8F} = {F957E359-1CCC-4F33-8DDB-599DD297F21A}
		{D8BFF289-55F5-45A9-B75A-E96088BFE7EC} = {C2D49427-A12A-4608-A1DD-41340456EC82}
		{19B3E513-80E6-4DB1-8D32-A6ACCE8BBEA6} = {C2D49427-A12A-4608-A1DD-41340456EC82}
		{CEDEDE73-CAB0-495D-B38F-203D396C9C80} = {C2D49427-A12A-4608-A1DD-41340456EC82}
		{76129054-E88E-49DD-9557-0E610B31BA15} = {2B79D3F0-8FBE-4F69-996D-51933E5756FD}
		{0479AB8C-A858-4AB2-9C51-F4748CCF5381} = {CE9D708E-E4B7-42E4-AC76-9C936272E6D5}
		{7CF12138-5452-453D-9401-ED21AEFA4370} = {2B79D3F0-8FBE-4F69-996D-51933E5756FD}
		{373F15D8-AFE4-42CD-B9BB-082F82CA6FCD} = {5AB07B65-AC2E-482D-B2AD-2AB7375941C4}
		{09203D14-DD7F-441D-BE62-1C075448D733} = {CE9D708E-E4B7-42E4-AC76-9C936272E6D5}
		{C5EEE70F-3968-4898-B209-4EFA8534633F} = {2B79D3F0-8FBE-4F69-996D-51933E5756FD}
	EndGlobalSection
	GlobalSection(ExtensibilityGlobals) = postSolution
		SolutionGuid = {35C6ADE0-7E70-48ED-A810-A71B2BC94F57}
	EndGlobalSection
EndGlobal
